// !$*UTF8*$!
{
	archiveVersion = 1;
	classes = {
	};
	objectVersion = 50;
	objects = {

/* Begin PBXBuildFile section */
		458CF877154732C3543211C2 /* Pods_ARcherUITests.framework in Frameworks */ = {isa = PBXBuildFile; fileRef = F53913C30953FC2050BE4EEA /* Pods_ARcherUITests.framework */; };
		6C0BC99B2161787000F2F369 /* HelpViewController.swift in Sources */ = {isa = PBXBuildFile; fileRef = 6C0BC99A2161787000F2F369 /* HelpViewController.swift */; };
		6CBF0723211A9325009BB73F /* art.scnassets in Resources */ = {isa = PBXBuildFile; fileRef = 6CBF0722211A9325009BB73F /* art.scnassets */; };
		6CC728032113EC23004A8DE1 /* AppDelegate.swift in Sources */ = {isa = PBXBuildFile; fileRef = 6CC728022113EC23004A8DE1 /* AppDelegate.swift */; };
		6CC728052113EC23004A8DE1 /* ViewController.swift in Sources */ = {isa = PBXBuildFile; fileRef = 6CC728042113EC23004A8DE1 /* ViewController.swift */; };
		6CC728082113EC23004A8DE1 /* Main.storyboard in Resources */ = {isa = PBXBuildFile; fileRef = 6CC728062113EC23004A8DE1 /* Main.storyboard */; };
		6CC7280A2113EC25004A8DE1 /* Assets.xcassets in Resources */ = {isa = PBXBuildFile; fileRef = 6CC728092113EC25004A8DE1 /* Assets.xcassets */; };
		6CC7280D2113EC25004A8DE1 /* LaunchScreen.storyboard in Resources */ = {isa = PBXBuildFile; fileRef = 6CC7280B2113EC25004A8DE1 /* LaunchScreen.storyboard */; };
		6CC728182113EC25004A8DE1 /* ARcherTests.swift in Sources */ = {isa = PBXBuildFile; fileRef = 6CC728172113EC25004A8DE1 /* ARcherTests.swift */; };
		6CC728232113EC25004A8DE1 /* ARcherUITests.swift in Sources */ = {isa = PBXBuildFile; fileRef = 6CC728222113EC25004A8DE1 /* ARcherUITests.swift */; };
		7F9546ECACE0D5A587CA0B59 /* Pods_ARcherTests.framework in Frameworks */ = {isa = PBXBuildFile; fileRef = 738C1E8502B9D56744A055A2 /* Pods_ARcherTests.framework */; };
		A783582BA48FFB2A10CEDCC1 /* Pods_ARcher.framework in Frameworks */ = {isa = PBXBuildFile; fileRef = 50F0465DF94F7D5CA06005A4 /* Pods_ARcher.framework */; };
/* End PBXBuildFile section */

/* Begin PBXContainerItemProxy section */
		6CC728142113EC25004A8DE1 /* PBXContainerItemProxy */ = {
			isa = PBXContainerItemProxy;
			containerPortal = 6CC727F72113EC23004A8DE1 /* Project object */;
			proxyType = 1;
			remoteGlobalIDString = 6CC727FE2113EC23004A8DE1;
			remoteInfo = ARcher;
		};
		6CC7281F2113EC25004A8DE1 /* PBXContainerItemProxy */ = {
			isa = PBXContainerItemProxy;
			containerPortal = 6CC727F72113EC23004A8DE1 /* Project object */;
			proxyType = 1;
			remoteGlobalIDString = 6CC727FE2113EC23004A8DE1;
			remoteInfo = ARcher;
		};
/* End PBXContainerItemProxy section */

/* Begin PBXFileReference section */
		50F0465DF94F7D5CA06005A4 /* Pods_ARcher.framework */ = {isa = PBXFileReference; explicitFileType = wrapper.framework; includeInIndex = 0; path = Pods_ARcher.framework; sourceTree = BUILT_PRODUCTS_DIR; };
		6C0BC99A2161787000F2F369 /* HelpViewController.swift */ = {isa = PBXFileReference; lastKnownFileType = sourcecode.swift; path = HelpViewController.swift; sourceTree = "<group>"; };
		6CBF0722211A9325009BB73F /* art.scnassets */ = {isa = PBXFileReference; lastKnownFileType = wrapper.scnassets; path = art.scnassets; sourceTree = "<group>"; };
		6CC727FF2113EC23004A8DE1 /* ARcher.app */ = {isa = PBXFileReference; explicitFileType = wrapper.application; includeInIndex = 0; path = ARcher.app; sourceTree = BUILT_PRODUCTS_DIR; };
		6CC728022113EC23004A8DE1 /* AppDelegate.swift */ = {isa = PBXFileReference; lastKnownFileType = sourcecode.swift; path = AppDelegate.swift; sourceTree = "<group>"; };
		6CC728042113EC23004A8DE1 /* ViewController.swift */ = {isa = PBXFileReference; lastKnownFileType = sourcecode.swift; path = ViewController.swift; sourceTree = "<group>"; };
		6CC728072113EC23004A8DE1 /* Base */ = {isa = PBXFileReference; lastKnownFileType = file.storyboard; name = Base; path = Base.lproj/Main.storyboard; sourceTree = "<group>"; };
		6CC728092113EC25004A8DE1 /* Assets.xcassets */ = {isa = PBXFileReference; lastKnownFileType = folder.assetcatalog; path = Assets.xcassets; sourceTree = "<group>"; };
		6CC7280C2113EC25004A8DE1 /* Base */ = {isa = PBXFileReference; lastKnownFileType = file.storyboard; name = Base; path = Base.lproj/LaunchScreen.storyboard; sourceTree = "<group>"; };
		6CC7280E2113EC25004A8DE1 /* Info.plist */ = {isa = PBXFileReference; lastKnownFileType = text.plist.xml; path = Info.plist; sourceTree = "<group>"; };
		6CC728132113EC25004A8DE1 /* ARcherTests.xctest */ = {isa = PBXFileReference; explicitFileType = wrapper.cfbundle; includeInIndex = 0; path = ARcherTests.xctest; sourceTree = BUILT_PRODUCTS_DIR; };
		6CC728172113EC25004A8DE1 /* ARcherTests.swift */ = {isa = PBXFileReference; lastKnownFileType = sourcecode.swift; path = ARcherTests.swift; sourceTree = "<group>"; };
		6CC728192113EC25004A8DE1 /* Info.plist */ = {isa = PBXFileReference; lastKnownFileType = text.plist.xml; path = Info.plist; sourceTree = "<group>"; };
		6CC7281E2113EC25004A8DE1 /* ARcherUITests.xctest */ = {isa = PBXFileReference; explicitFileType = wrapper.cfbundle; includeInIndex = 0; path = ARcherUITests.xctest; sourceTree = BUILT_PRODUCTS_DIR; };
		6CC728222113EC25004A8DE1 /* ARcherUITests.swift */ = {isa = PBXFileReference; lastKnownFileType = sourcecode.swift; path = ARcherUITests.swift; sourceTree = "<group>"; };
		6CC728242113EC25004A8DE1 /* Info.plist */ = {isa = PBXFileReference; lastKnownFileType = text.plist.xml; path = Info.plist; sourceTree = "<group>"; };
		738C1E8502B9D56744A055A2 /* Pods_ARcherTests.framework */ = {isa = PBXFileReference; explicitFileType = wrapper.framework; includeInIndex = 0; path = Pods_ARcherTests.framework; sourceTree = BUILT_PRODUCTS_DIR; };
		818EAD6F301A3F31A675B652 /* Pods-ARcherTests.release.xcconfig */ = {isa = PBXFileReference; includeInIndex = 1; lastKnownFileType = text.xcconfig; name = "Pods-ARcherTests.release.xcconfig"; path = "Pods/Target Support Files/Pods-ARcherTests/Pods-ARcherTests.release.xcconfig"; sourceTree = "<group>"; };
		8E228248886B9691DB7A9D81 /* Pods-ARcherTests.debug.xcconfig */ = {isa = PBXFileReference; includeInIndex = 1; lastKnownFileType = text.xcconfig; name = "Pods-ARcherTests.debug.xcconfig"; path = "Pods/Target Support Files/Pods-ARcherTests/Pods-ARcherTests.debug.xcconfig"; sourceTree = "<group>"; };
		8FBDF149043762D807B499A0 /* Pods-ARcher.release.xcconfig */ = {isa = PBXFileReference; includeInIndex = 1; lastKnownFileType = text.xcconfig; name = "Pods-ARcher.release.xcconfig"; path = "Pods/Target Support Files/Pods-ARcher/Pods-ARcher.release.xcconfig"; sourceTree = "<group>"; };
		A6FECFC633E937C88A0D327C /* Pods-ARcherUITests.release.xcconfig */ = {isa = PBXFileReference; includeInIndex = 1; lastKnownFileType = text.xcconfig; name = "Pods-ARcherUITests.release.xcconfig"; path = "Pods/Target Support Files/Pods-ARcherUITests/Pods-ARcherUITests.release.xcconfig"; sourceTree = "<group>"; };
		BA7776A23CA37A7DD034EACE /* Pods-ARcher.debug.xcconfig */ = {isa = PBXFileReference; includeInIndex = 1; lastKnownFileType = text.xcconfig; name = "Pods-ARcher.debug.xcconfig"; path = "Pods/Target Support Files/Pods-ARcher/Pods-ARcher.debug.xcconfig"; sourceTree = "<group>"; };
		BDB21F4DD97F3E8CDCAABD3E /* Pods-ARcherUITests.debug.xcconfig */ = {isa = PBXFileReference; includeInIndex = 1; lastKnownFileType = text.xcconfig; name = "Pods-ARcherUITests.debug.xcconfig"; path = "Pods/Target Support Files/Pods-ARcherUITests/Pods-ARcherUITests.debug.xcconfig"; sourceTree = "<group>"; };
		F53913C30953FC2050BE4EEA /* Pods_ARcherUITests.framework */ = {isa = PBXFileReference; explicitFileType = wrapper.framework; includeInIndex = 0; path = Pods_ARcherUITests.framework; sourceTree = BUILT_PRODUCTS_DIR; };
/* End PBXFileReference section */

/* Begin PBXFrameworksBuildPhase section */
		6CC727FC2113EC23004A8DE1 /* Frameworks */ = {
			isa = PBXFrameworksBuildPhase;
			buildActionMask = 2147483647;
			files = (
				A783582BA48FFB2A10CEDCC1 /* Pods_ARcher.framework in Frameworks */,
			);
			runOnlyForDeploymentPostprocessing = 0;
		};
		6CC728102113EC25004A8DE1 /* Frameworks */ = {
			isa = PBXFrameworksBuildPhase;
			buildActionMask = 2147483647;
			files = (
				7F9546ECACE0D5A587CA0B59 /* Pods_ARcherTests.framework in Frameworks */,
			);
			runOnlyForDeploymentPostprocessing = 0;
		};
		6CC7281B2113EC25004A8DE1 /* Frameworks */ = {
			isa = PBXFrameworksBuildPhase;
			buildActionMask = 2147483647;
			files = (
				458CF877154732C3543211C2 /* Pods_ARcherUITests.framework in Frameworks */,
			);
			runOnlyForDeploymentPostprocessing = 0;
		};
/* End PBXFrameworksBuildPhase section */

/* Begin PBXGroup section */
		2AB92B36F5E408550881ADC1 /* Pods */ = {
			isa = PBXGroup;
			children = (
				BA7776A23CA37A7DD034EACE /* Pods-ARcher.debug.xcconfig */,
				8FBDF149043762D807B499A0 /* Pods-ARcher.release.xcconfig */,
				8E228248886B9691DB7A9D81 /* Pods-ARcherTests.debug.xcconfig */,
				818EAD6F301A3F31A675B652 /* Pods-ARcherTests.release.xcconfig */,
				BDB21F4DD97F3E8CDCAABD3E /* Pods-ARcherUITests.debug.xcconfig */,
				A6FECFC633E937C88A0D327C /* Pods-ARcherUITests.release.xcconfig */,
			);
			name = Pods;
			sourceTree = "<group>";
		};
		6CC727F62113EC23004A8DE1 = {
			isa = PBXGroup;
			children = (
				6CC728012113EC23004A8DE1 /* ARcher */,
				6CC728162113EC25004A8DE1 /* ARcherTests */,
				6CC728212113EC25004A8DE1 /* ARcherUITests */,
				6CC728002113EC23004A8DE1 /* Products */,
				2AB92B36F5E408550881ADC1 /* Pods */,
				98A3AB8ACE1459BE7056590F /* Frameworks */,
			);
			sourceTree = "<group>";
		};
		6CC728002113EC23004A8DE1 /* Products */ = {
			isa = PBXGroup;
			children = (
				6CC727FF2113EC23004A8DE1 /* ARcher.app */,
				6CC728132113EC25004A8DE1 /* ARcherTests.xctest */,
				6CC7281E2113EC25004A8DE1 /* ARcherUITests.xctest */,
			);
			name = Products;
			sourceTree = "<group>";
		};
		6CC728012113EC23004A8DE1 /* ARcher */ = {
			isa = PBXGroup;
			children = (
				6CC728022113EC23004A8DE1 /* AppDelegate.swift */,
				6CC728042113EC23004A8DE1 /* ViewController.swift */,
				6CC728062113EC23004A8DE1 /* Main.storyboard */,
				6C0BC99A2161787000F2F369 /* HelpViewController.swift */,
				6CC728092113EC25004A8DE1 /* Assets.xcassets */,
				6CC7280B2113EC25004A8DE1 /* LaunchScreen.storyboard */,
				6CC7280E2113EC25004A8DE1 /* Info.plist */,
				6CBF0722211A9325009BB73F /* art.scnassets */,
			);
			path = ARcher;
			sourceTree = "<group>";
		};
		6CC728162113EC25004A8DE1 /* ARcherTests */ = {
			isa = PBXGroup;
			children = (
				6CC728172113EC25004A8DE1 /* ARcherTests.swift */,
				6CC728192113EC25004A8DE1 /* Info.plist */,
			);
			path = ARcherTests;
			sourceTree = "<group>";
		};
		6CC728212113EC25004A8DE1 /* ARcherUITests */ = {
			isa = PBXGroup;
			children = (
				6CC728222113EC25004A8DE1 /* ARcherUITests.swift */,
				6CC728242113EC25004A8DE1 /* Info.plist */,
			);
			path = ARcherUITests;
			sourceTree = "<group>";
		};
		98A3AB8ACE1459BE7056590F /* Frameworks */ = {
			isa = PBXGroup;
			children = (
				50F0465DF94F7D5CA06005A4 /* Pods_ARcher.framework */,
				738C1E8502B9D56744A055A2 /* Pods_ARcherTests.framework */,
				F53913C30953FC2050BE4EEA /* Pods_ARcherUITests.framework */,
			);
			name = Frameworks;
			sourceTree = "<group>";
		};
/* End PBXGroup section */

/* Begin PBXNativeTarget section */
		6CC727FE2113EC23004A8DE1 /* ARcher */ = {
			isa = PBXNativeTarget;
			buildConfigurationList = 6CC728272113EC25004A8DE1 /* Build configuration list for PBXNativeTarget "ARcher" */;
			buildPhases = (
				4112ED446682E9834529C150 /* [CP] Check Pods Manifest.lock */,
				6CC727FB2113EC23004A8DE1 /* Sources */,
				6CC727FC2113EC23004A8DE1 /* Frameworks */,
				6CC727FD2113EC23004A8DE1 /* Resources */,
				A596B4EDBCBE849775499063 /* [CP] Embed Pods Frameworks */,
				BEED0C8CBBCA73B314F94B98 /* [CP] Copy Pods Resources */,
			);
			buildRules = (
			);
			dependencies = (
			);
			name = ARcher;
			productName = ARcher;
			productReference = 6CC727FF2113EC23004A8DE1 /* ARcher.app */;
			productType = "com.apple.product-type.application";
		};
		6CC728122113EC25004A8DE1 /* ARcherTests */ = {
			isa = PBXNativeTarget;
			buildConfigurationList = 6CC7282A2113EC25004A8DE1 /* Build configuration list for PBXNativeTarget "ARcherTests" */;
			buildPhases = (
				2811ACDA74BEDEC028079C7F /* [CP] Check Pods Manifest.lock */,
				6CC7280F2113EC25004A8DE1 /* Sources */,
				6CC728102113EC25004A8DE1 /* Frameworks */,
				6CC728112113EC25004A8DE1 /* Resources */,
				79AB38DA58A7B50B5C4D692B /* [CP] Embed Pods Frameworks */,
				BD9FC53085E8A39DF104EFE9 /* [CP] Copy Pods Resources */,
			);
			buildRules = (
			);
			dependencies = (
				6CC728152113EC25004A8DE1 /* PBXTargetDependency */,
			);
			name = ARcherTests;
			productName = ARcherTests;
			productReference = 6CC728132113EC25004A8DE1 /* ARcherTests.xctest */;
			productType = "com.apple.product-type.bundle.unit-test";
		};
		6CC7281D2113EC25004A8DE1 /* ARcherUITests */ = {
			isa = PBXNativeTarget;
			buildConfigurationList = 6CC7282D2113EC25004A8DE1 /* Build configuration list for PBXNativeTarget "ARcherUITests" */;
			buildPhases = (
				4E9654C88D4119FDB90DD20C /* [CP] Check Pods Manifest.lock */,
				6CC7281A2113EC25004A8DE1 /* Sources */,
				6CC7281B2113EC25004A8DE1 /* Frameworks */,
				6CC7281C2113EC25004A8DE1 /* Resources */,
				7D96B69544013F982A61525A /* [CP] Embed Pods Frameworks */,
				85BA5FEF663677C2A344B1C2 /* [CP] Copy Pods Resources */,
			);
			buildRules = (
			);
			dependencies = (
				6CC728202113EC25004A8DE1 /* PBXTargetDependency */,
			);
			name = ARcherUITests;
			productName = ARcherUITests;
			productReference = 6CC7281E2113EC25004A8DE1 /* ARcherUITests.xctest */;
			productType = "com.apple.product-type.bundle.ui-testing";
		};
/* End PBXNativeTarget section */

/* Begin PBXProject section */
		6CC727F72113EC23004A8DE1 /* Project object */ = {
			isa = PBXProject;
			attributes = {
				LastSwiftUpdateCheck = 0940;
				LastUpgradeCheck = 0940;
				ORGANIZATIONNAME = "___rickjames___";
				TargetAttributes = {
					6CC727FE2113EC23004A8DE1 = {
						CreatedOnToolsVersion = 9.4.1;
					};
					6CC728122113EC25004A8DE1 = {
						CreatedOnToolsVersion = 9.4.1;
						TestTargetID = 6CC727FE2113EC23004A8DE1;
					};
					6CC7281D2113EC25004A8DE1 = {
						CreatedOnToolsVersion = 9.4.1;
						TestTargetID = 6CC727FE2113EC23004A8DE1;
					};
				};
			};
			buildConfigurationList = 6CC727FA2113EC23004A8DE1 /* Build configuration list for PBXProject "ARcher" */;
			compatibilityVersion = "Xcode 9.3";
			developmentRegion = en;
			hasScannedForEncodings = 0;
			knownRegions = (
				en,
				Base,
			);
			mainGroup = 6CC727F62113EC23004A8DE1;
			productRefGroup = 6CC728002113EC23004A8DE1 /* Products */;
			projectDirPath = "";
			projectRoot = "";
			targets = (
				6CC727FE2113EC23004A8DE1 /* ARcher */,
				6CC728122113EC25004A8DE1 /* ARcherTests */,
				6CC7281D2113EC25004A8DE1 /* ARcherUITests */,
			);
		};
/* End PBXProject section */

/* Begin PBXResourcesBuildPhase section */
		6CC727FD2113EC23004A8DE1 /* Resources */ = {
			isa = PBXResourcesBuildPhase;
			buildActionMask = 2147483647;
			files = (
				6CC7280D2113EC25004A8DE1 /* LaunchScreen.storyboard in Resources */,
				6CBF0723211A9325009BB73F /* art.scnassets in Resources */,
				6CC7280A2113EC25004A8DE1 /* Assets.xcassets in Resources */,
				6CC728082113EC23004A8DE1 /* Main.storyboard in Resources */,
			);
			runOnlyForDeploymentPostprocessing = 0;
		};
		6CC728112113EC25004A8DE1 /* Resources */ = {
			isa = PBXResourcesBuildPhase;
			buildActionMask = 2147483647;
			files = (
			);
			runOnlyForDeploymentPostprocessing = 0;
		};
		6CC7281C2113EC25004A8DE1 /* Resources */ = {
			isa = PBXResourcesBuildPhase;
			buildActionMask = 2147483647;
			files = (
			);
			runOnlyForDeploymentPostprocessing = 0;
		};
/* End PBXResourcesBuildPhase section */

/* Begin PBXShellScriptBuildPhase section */
		2811ACDA74BEDEC028079C7F /* [CP] Check Pods Manifest.lock */ = {
			isa = PBXShellScriptBuildPhase;
			buildActionMask = 2147483647;
			files = (
			);
			inputPaths = (
				"${PODS_PODFILE_DIR_PATH}/Podfile.lock",
				"${PODS_ROOT}/Manifest.lock",
			);
			name = "[CP] Check Pods Manifest.lock";
			outputPaths = (
				"$(DERIVED_FILE_DIR)/Pods-ARcherTests-checkManifestLockResult.txt",
			);
			runOnlyForDeploymentPostprocessing = 0;
			shellPath = /bin/sh;
			shellScript = "diff \"${PODS_PODFILE_DIR_PATH}/Podfile.lock\" \"${PODS_ROOT}/Manifest.lock\" > /dev/null\nif [ $? != 0 ] ; then\n    # print error to STDERR\n    echo \"error: The sandbox is not in sync with the Podfile.lock. Run 'pod install' or update your CocoaPods installation.\" >&2\n    exit 1\nfi\n# This output is used by Xcode 'outputs' to avoid re-running this script phase.\necho \"SUCCESS\" > \"${SCRIPT_OUTPUT_FILE_0}\"\n";
			showEnvVarsInLog = 0;
		};
		4112ED446682E9834529C150 /* [CP] Check Pods Manifest.lock */ = {
			isa = PBXShellScriptBuildPhase;
			buildActionMask = 2147483647;
			files = (
			);
			inputPaths = (
				"${PODS_PODFILE_DIR_PATH}/Podfile.lock",
				"${PODS_ROOT}/Manifest.lock",
			);
			name = "[CP] Check Pods Manifest.lock";
			outputPaths = (
				"$(DERIVED_FILE_DIR)/Pods-ARcher-checkManifestLockResult.txt",
			);
			runOnlyForDeploymentPostprocessing = 0;
			shellPath = /bin/sh;
			shellScript = "diff \"${PODS_PODFILE_DIR_PATH}/Podfile.lock\" \"${PODS_ROOT}/Manifest.lock\" > /dev/null\nif [ $? != 0 ] ; then\n    # print error to STDERR\n    echo \"error: The sandbox is not in sync with the Podfile.lock. Run 'pod install' or update your CocoaPods installation.\" >&2\n    exit 1\nfi\n# This output is used by Xcode 'outputs' to avoid re-running this script phase.\necho \"SUCCESS\" > \"${SCRIPT_OUTPUT_FILE_0}\"\n";
			showEnvVarsInLog = 0;
		};
		4E9654C88D4119FDB90DD20C /* [CP] Check Pods Manifest.lock */ = {
			isa = PBXShellScriptBuildPhase;
			buildActionMask = 2147483647;
			files = (
			);
			inputPaths = (
				"${PODS_PODFILE_DIR_PATH}/Podfile.lock",
				"${PODS_ROOT}/Manifest.lock",
			);
			name = "[CP] Check Pods Manifest.lock";
			outputPaths = (
				"$(DERIVED_FILE_DIR)/Pods-ARcherUITests-checkManifestLockResult.txt",
			);
			runOnlyForDeploymentPostprocessing = 0;
			shellPath = /bin/sh;
			shellScript = "diff \"${PODS_PODFILE_DIR_PATH}/Podfile.lock\" \"${PODS_ROOT}/Manifest.lock\" > /dev/null\nif [ $? != 0 ] ; then\n    # print error to STDERR\n    echo \"error: The sandbox is not in sync with the Podfile.lock. Run 'pod install' or update your CocoaPods installation.\" >&2\n    exit 1\nfi\n# This output is used by Xcode 'outputs' to avoid re-running this script phase.\necho \"SUCCESS\" > \"${SCRIPT_OUTPUT_FILE_0}\"\n";
			showEnvVarsInLog = 0;
		};
		79AB38DA58A7B50B5C4D692B /* [CP] Embed Pods Frameworks */ = {
			isa = PBXShellScriptBuildPhase;
			buildActionMask = 2147483647;
			files = (
			);
			inputPaths = (
			);
			name = "[CP] Embed Pods Frameworks";
			outputPaths = (
			);
			runOnlyForDeploymentPostprocessing = 0;
			shellPath = /bin/sh;
			shellScript = "\"${SRCROOT}/Pods/Target Support Files/Pods-ARcherTests/Pods-ARcherTests-frameworks.sh\"\n";
			showEnvVarsInLog = 0;
		};
		7D96B69544013F982A61525A /* [CP] Embed Pods Frameworks */ = {
			isa = PBXShellScriptBuildPhase;
			buildActionMask = 2147483647;
			files = (
			);
			inputPaths = (
			);
			name = "[CP] Embed Pods Frameworks";
			outputPaths = (
			);
			runOnlyForDeploymentPostprocessing = 0;
			shellPath = /bin/sh;
			shellScript = "\"${SRCROOT}/Pods/Target Support Files/Pods-ARcherUITests/Pods-ARcherUITests-frameworks.sh\"\n";
			showEnvVarsInLog = 0;
		};
		85BA5FEF663677C2A344B1C2 /* [CP] Copy Pods Resources */ = {
			isa = PBXShellScriptBuildPhase;
			buildActionMask = 2147483647;
			files = (
			);
			inputPaths = (
			);
			name = "[CP] Copy Pods Resources";
			outputPaths = (
			);
			runOnlyForDeploymentPostprocessing = 0;
			shellPath = /bin/sh;
			shellScript = "\"${SRCROOT}/Pods/Target Support Files/Pods-ARcherUITests/Pods-ARcherUITests-resources.sh\"\n";
			showEnvVarsInLog = 0;
		};
		A596B4EDBCBE849775499063 /* [CP] Embed Pods Frameworks */ = {
			isa = PBXShellScriptBuildPhase;
			buildActionMask = 2147483647;
			files = (
			);
			inputPaths = (
				"${SRCROOT}/Pods/Target Support Files/Pods-ARcher/Pods-ARcher-frameworks.sh",
				"${BUILT_PRODUCTS_DIR}/Each/Each.framework",
			);
			name = "[CP] Embed Pods Frameworks";
			outputPaths = (
				"${TARGET_BUILD_DIR}/${FRAMEWORKS_FOLDER_PATH}/Each.framework",
			);
			runOnlyForDeploymentPostprocessing = 0;
			shellPath = /bin/sh;
			shellScript = "\"${SRCROOT}/Pods/Target Support Files/Pods-ARcher/Pods-ARcher-frameworks.sh\"\n";
			showEnvVarsInLog = 0;
		};
		BD9FC53085E8A39DF104EFE9 /* [CP] Copy Pods Resources */ = {
			isa = PBXShellScriptBuildPhase;
			buildActionMask = 2147483647;
			files = (
			);
			inputPaths = (
			);
			name = "[CP] Copy Pods Resources";
			outputPaths = (
			);
			runOnlyForDeploymentPostprocessing = 0;
			shellPath = /bin/sh;
			shellScript = "\"${SRCROOT}/Pods/Target Support Files/Pods-ARcherTests/Pods-ARcherTests-resources.sh\"\n";
			showEnvVarsInLog = 0;
		};
		BEED0C8CBBCA73B314F94B98 /* [CP] Copy Pods Resources */ = {
			isa = PBXShellScriptBuildPhase;
			buildActionMask = 2147483647;
			files = (
			);
			inputPaths = (
			);
			name = "[CP] Copy Pods Resources";
			outputPaths = (
			);
			runOnlyForDeploymentPostprocessing = 0;
			shellPath = /bin/sh;
			shellScript = "\"${SRCROOT}/Pods/Target Support Files/Pods-ARcher/Pods-ARcher-resources.sh\"\n";
			showEnvVarsInLog = 0;
		};
/* End PBXShellScriptBuildPhase section */

/* Begin PBXSourcesBuildPhase section */
		6CC727FB2113EC23004A8DE1 /* Sources */ = {
			isa = PBXSourcesBuildPhase;
			buildActionMask = 2147483647;
			files = (
				6CC728052113EC23004A8DE1 /* ViewController.swift in Sources */,
				6C0BC99B2161787000F2F369 /* HelpViewController.swift in Sources */,
				6CC728032113EC23004A8DE1 /* AppDelegate.swift in Sources */,
			);
			runOnlyForDeploymentPostprocessing = 0;
		};
		6CC7280F2113EC25004A8DE1 /* Sources */ = {
			isa = PBXSourcesBuildPhase;
			buildActionMask = 2147483647;
			files = (
				6CC728182113EC25004A8DE1 /* ARcherTests.swift in Sources */,
			);
			runOnlyForDeploymentPostprocessing = 0;
		};
		6CC7281A2113EC25004A8DE1 /* Sources */ = {
			isa = PBXSourcesBuildPhase;
			buildActionMask = 2147483647;
			files = (
				6CC728232113EC25004A8DE1 /* ARcherUITests.swift in Sources */,
			);
			runOnlyForDeploymentPostprocessing = 0;
		};
/* End PBXSourcesBuildPhase section */

/* Begin PBXTargetDependency section */
		6CC728152113EC25004A8DE1 /* PBXTargetDependency */ = {
			isa = PBXTargetDependency;
			target = 6CC727FE2113EC23004A8DE1 /* ARcher */;
			targetProxy = 6CC728142113EC25004A8DE1 /* PBXContainerItemProxy */;
		};
		6CC728202113EC25004A8DE1 /* PBXTargetDependency */ = {
			isa = PBXTargetDependency;
			target = 6CC727FE2113EC23004A8DE1 /* ARcher */;
			targetProxy = 6CC7281F2113EC25004A8DE1 /* PBXContainerItemProxy */;
		};
/* End PBXTargetDependency section */

/* Begin PBXVariantGroup section */
		6CC728062113EC23004A8DE1 /* Main.storyboard */ = {
			isa = PBXVariantGroup;
			children = (
				6CC728072113EC23004A8DE1 /* Base */,
			);
			name = Main.storyboard;
			sourceTree = "<group>";
		};
		6CC7280B2113EC25004A8DE1 /* LaunchScreen.storyboard */ = {
			isa = PBXVariantGroup;
			children = (
				6CC7280C2113EC25004A8DE1 /* Base */,
			);
			name = LaunchScreen.storyboard;
			sourceTree = "<group>";
		};
/* End PBXVariantGroup section */

/* Begin XCBuildConfiguration section */
		6CC728252113EC25004A8DE1 /* Debug */ = {
			isa = XCBuildConfiguration;
			buildSettings = {
				ALWAYS_SEARCH_USER_PATHS = NO;
				CLANG_ANALYZER_NONNULL = YES;
				CLANG_ANALYZER_NUMBER_OBJECT_CONVERSION = YES_AGGRESSIVE;
				CLANG_CXX_LANGUAGE_STANDARD = "gnu++14";
				CLANG_CXX_LIBRARY = "libc++";
				CLANG_ENABLE_MODULES = YES;
				CLANG_ENABLE_OBJC_ARC = YES;
				CLANG_ENABLE_OBJC_WEAK = YES;
				CLANG_WARN_BLOCK_CAPTURE_AUTORELEASING = YES;
				CLANG_WARN_BOOL_CONVERSION = YES;
				CLANG_WARN_COMMA = YES;
				CLANG_WARN_CONSTANT_CONVERSION = YES;
				CLANG_WARN_DEPRECATED_OBJC_IMPLEMENTATIONS = YES;
				CLANG_WARN_DIRECT_OBJC_ISA_USAGE = YES_ERROR;
				CLANG_WARN_DOCUMENTATION_COMMENTS = YES;
				CLANG_WARN_EMPTY_BODY = YES;
				CLANG_WARN_ENUM_CONVERSION = YES;
				CLANG_WARN_INFINITE_RECURSION = YES;
				CLANG_WARN_INT_CONVERSION = YES;
				CLANG_WARN_NON_LITERAL_NULL_CONVERSION = YES;
				CLANG_WARN_OBJC_IMPLICIT_RETAIN_SELF = YES;
				CLANG_WARN_OBJC_LITERAL_CONVERSION = YES;
				CLANG_WARN_OBJC_ROOT_CLASS = YES_ERROR;
				CLANG_WARN_RANGE_LOOP_ANALYSIS = YES;
				CLANG_WARN_STRICT_PROTOTYPES = YES;
				CLANG_WARN_SUSPICIOUS_MOVE = YES;
				CLANG_WARN_UNGUARDED_AVAILABILITY = YES_AGGRESSIVE;
				CLANG_WARN_UNREACHABLE_CODE = YES;
				CLANG_WARN__DUPLICATE_METHOD_MATCH = YES;
				CODE_SIGN_IDENTITY = "iPhone Developer";
				COPY_PHASE_STRIP = NO;
				DEBUG_INFORMATION_FORMAT = dwarf;
				ENABLE_STRICT_OBJC_MSGSEND = YES;
				ENABLE_TESTABILITY = YES;
				GCC_C_LANGUAGE_STANDARD = gnu11;
				GCC_DYNAMIC_NO_PIC = NO;
				GCC_NO_COMMON_BLOCKS = YES;
				GCC_OPTIMIZATION_LEVEL = 0;
				GCC_PREPROCESSOR_DEFINITIONS = (
					"DEBUG=1",
					"$(inherited)",
				);
				GCC_WARN_64_TO_32_BIT_CONVERSION = YES;
				GCC_WARN_ABOUT_RETURN_TYPE = YES_ERROR;
				GCC_WARN_UNDECLARED_SELECTOR = YES;
				GCC_WARN_UNINITIALIZED_AUTOS = YES_AGGRESSIVE;
				GCC_WARN_UNUSED_FUNCTION = YES;
				GCC_WARN_UNUSED_VARIABLE = YES;
				IPHONEOS_DEPLOYMENT_TARGET = 11.4;
				MTL_ENABLE_DEBUG_INFO = YES;
				ONLY_ACTIVE_ARCH = YES;
				SDKROOT = iphoneos;
				SWIFT_ACTIVE_COMPILATION_CONDITIONS = DEBUG;
				SWIFT_OPTIMIZATION_LEVEL = "-Onone";
			};
			name = Debug;
		};
		6CC728262113EC25004A8DE1 /* Release */ = {
			isa = XCBuildConfiguration;
			buildSettings = {
				ALWAYS_SEARCH_USER_PATHS = NO;
				CLANG_ANALYZER_NONNULL = YES;
				CLANG_ANALYZER_NUMBER_OBJECT_CONVERSION = YES_AGGRESSIVE;
				CLANG_CXX_LANGUAGE_STANDARD = "gnu++14";
				CLANG_CXX_LIBRARY = "libc++";
				CLANG_ENABLE_MODULES = YES;
				CLANG_ENABLE_OBJC_ARC = YES;
				CLANG_ENABLE_OBJC_WEAK = YES;
				CLANG_WARN_BLOCK_CAPTURE_AUTORELEASING = YES;
				CLANG_WARN_BOOL_CONVERSION = YES;
				CLANG_WARN_COMMA = YES;
				CLANG_WARN_CONSTANT_CONVERSION = YES;
				CLANG_WARN_DEPRECATED_OBJC_IMPLEMENTATIONS = YES;
				CLANG_WARN_DIRECT_OBJC_ISA_USAGE = YES_ERROR;
				CLANG_WARN_DOCUMENTATION_COMMENTS = YES;
				CLANG_WARN_EMPTY_BODY = YES;
				CLANG_WARN_ENUM_CONVERSION = YES;
				CLANG_WARN_INFINITE_RECURSION = YES;
				CLANG_WARN_INT_CONVERSION = YES;
				CLANG_WARN_NON_LITERAL_NULL_CONVERSION = YES;
				CLANG_WARN_OBJC_IMPLICIT_RETAIN_SELF = YES;
				CLANG_WARN_OBJC_LITERAL_CONVERSION = YES;
				CLANG_WARN_OBJC_ROOT_CLASS = YES_ERROR;
				CLANG_WARN_RANGE_LOOP_ANALYSIS = YES;
				CLANG_WARN_STRICT_PROTOTYPES = YES;
				CLANG_WARN_SUSPICIOUS_MOVE = YES;
				CLANG_WARN_UNGUARDED_AVAILABILITY = YES_AGGRESSIVE;
				CLANG_WARN_UNREACHABLE_CODE = YES;
				CLANG_WARN__DUPLICATE_METHOD_MATCH = YES;
				CODE_SIGN_IDENTITY = "iPhone Developer";
				COPY_PHASE_STRIP = NO;
				DEBUG_INFORMATION_FORMAT = "dwarf-with-dsym";
				ENABLE_NS_ASSERTIONS = NO;
				ENABLE_STRICT_OBJC_MSGSEND = YES;
				GCC_C_LANGUAGE_STANDARD = gnu11;
				GCC_NO_COMMON_BLOCKS = YES;
				GCC_WARN_64_TO_32_BIT_CONVERSION = YES;
				GCC_WARN_ABOUT_RETURN_TYPE = YES_ERROR;
				GCC_WARN_UNDECLARED_SELECTOR = YES;
				GCC_WARN_UNINITIALIZED_AUTOS = YES_AGGRESSIVE;
				GCC_WARN_UNUSED_FUNCTION = YES;
				GCC_WARN_UNUSED_VARIABLE = YES;
				IPHONEOS_DEPLOYMENT_TARGET = 11.4;
				MTL_ENABLE_DEBUG_INFO = NO;
				SDKROOT = iphoneos;
				SWIFT_COMPILATION_MODE = wholemodule;
				SWIFT_OPTIMIZATION_LEVEL = "-O";
				VALIDATE_PRODUCT = YES;
			};
			name = Release;
		};
		6CC728282113EC25004A8DE1 /* Debug */ = {
			isa = XCBuildConfiguration;
			baseConfigurationReference = BA7776A23CA37A7DD034EACE /* Pods-ARcher.debug.xcconfig */;
			buildSettings = {
				ASSETCATALOG_COMPILER_APPICON_NAME = AppIcon;
				CODE_SIGN_STYLE = Automatic;
				DEVELOPMENT_TEAM = WJL599RX7H;
				INFOPLIST_FILE = ARcher/Info.plist;
				LD_RUNPATH_SEARCH_PATHS = (
					"$(inherited)",
					"@executable_path/Frameworks",
				);
				PRODUCT_BUNDLE_IDENTIFIER = com.morley.ARcher;
				PRODUCT_NAME = "$(TARGET_NAME)";
				SWIFT_VERSION = 4.0;
				TARGETED_DEVICE_FAMILY = 1;
			};
			name = Debug;
		};
		6CC728292113EC25004A8DE1 /* Release */ = {
			isa = XCBuildConfiguration;
			baseConfigurationReference = 8FBDF149043762D807B499A0 /* Pods-ARcher.release.xcconfig */;
			buildSettings = {
				ASSETCATALOG_COMPILER_APPICON_NAME = AppIcon;
				CODE_SIGN_STYLE = Automatic;
				DEVELOPMENT_TEAM = WJL599RX7H;
				INFOPLIST_FILE = ARcher/Info.plist;
				LD_RUNPATH_SEARCH_PATHS = (
					"$(inherited)",
					"@executable_path/Frameworks",
				);
				PRODUCT_BUNDLE_IDENTIFIER = com.morley.ARcher;
				PRODUCT_NAME = "$(TARGET_NAME)";
				SWIFT_VERSION = 4.0;
				TARGETED_DEVICE_FAMILY = 1;
			};
			name = Release;
		};
		6CC7282B2113EC25004A8DE1 /* Debug */ = {
			isa = XCBuildConfiguration;
			baseConfigurationReference = 8E228248886B9691DB7A9D81 /* Pods-ARcherTests.debug.xcconfig */;
			buildSettings = {
				ALWAYS_EMBED_SWIFT_STANDARD_LIBRARIES = YES;
				BUNDLE_LOADER = "$(TEST_HOST)";
				CODE_SIGN_STYLE = Automatic;
				DEVELOPMENT_TEAM = WJL599RX7H;
				INFOPLIST_FILE = ARcherTests/Info.plist;
				LD_RUNPATH_SEARCH_PATHS = (
					"$(inherited)",
					"@executable_path/Frameworks",
					"@loader_path/Frameworks",
				);
				PRODUCT_BUNDLE_IDENTIFIER = com.morley.ARcherTests;
				PRODUCT_NAME = "$(TARGET_NAME)";
				SWIFT_VERSION = 4.0;
				TARGETED_DEVICE_FAMILY = "1,2";
				TEST_HOST = "$(BUILT_PRODUCTS_DIR)/ARcher.app/ARcher";
			};
			name = Debug;
		};
		6CC7282C2113EC25004A8DE1 /* Release */ = {
			isa = XCBuildConfiguration;
			baseConfigurationReference = 818EAD6F301A3F31A675B652 /* Pods-ARcherTests.release.xcconfig */;
			buildSettings = {
				ALWAYS_EMBED_SWIFT_STANDARD_LIBRARIES = YES;
				BUNDLE_LOADER = "$(TEST_HOST)";
				CODE_SIGN_STYLE = Automatic;
				DEVELOPMENT_TEAM = WJL599RX7H;
				INFOPLIST_FILE = ARcherTests/Info.plist;
				LD_RUNPATH_SEARCH_PATHS = (
					"$(inherited)",
					"@executable_path/Frameworks",
					"@loader_path/Frameworks",
				);
				PRODUCT_BUNDLE_IDENTIFIER = com.morley.ARcherTests;
				PRODUCT_NAME = "$(TARGET_NAME)";
				SWIFT_VERSION = 4.0;
				TARGETED_DEVICE_FAMILY = "1,2";
				TEST_HOST = "$(BUILT_PRODUCTS_DIR)/ARcher.app/ARcher";
			};
			name = Release;
		};
		6CC7282E2113EC25004A8DE1 /* Debug */ = {
			isa = XCBuildConfiguration;
			baseConfigurationReference = BDB21F4DD97F3E8CDCAABD3E /* Pods-ARcherUITests.debug.xcconfig */;
			buildSettings = {
				ALWAYS_EMBED_SWIFT_STANDARD_LIBRARIES = YES;
				CODE_SIGN_STYLE = Automatic;
				DEVELOPMENT_TEAM = WJL599RX7H;
				INFOPLIST_FILE = ARcherUITests/Info.plist;
				LD_RUNPATH_SEARCH_PATHS = (
					"$(inherited)",
					"@executable_path/Frameworks",
					"@loader_path/Frameworks",
				);
				PRODUCT_BUNDLE_IDENTIFIER = com.morley.ARcherUITests;
				PRODUCT_NAME = "$(TARGET_NAME)";
				SWIFT_VERSION = 4.0;
				TARGETED_DEVICE_FAMILY = "1,2";
				TEST_TARGET_NAME = ARcher;
			};
			name = Debug;
		};
		6CC7282F2113EC25004A8DE1 /* Release */ = {
			isa = XCBuildConfiguration;
			baseConfigurationReference = A6FECFC633E937C88A0D327C /* Pods-ARcherUITests.release.xcconfig */;
			buildSettings = {
				ALWAYS_EMBED_SWIFT_STANDARD_LIBRARIES = YES;
				CODE_SIGN_STYLE = Automatic;
				DEVELOPMENT_TEAM = WJL599RX7H;
				INFOPLIST_FILE = ARcherUITests/Info.plist;
				LD_RUNPATH_SEARCH_PATHS = (
					"$(inherited)",
					"@executable_path/Frameworks",
					"@loader_path/Frameworks",
				);
				PRODUCT_BUNDLE_IDENTIFIER = com.morley.ARcherUITests;
				PRODUCT_NAME = "$(TARGET_NAME)";
				SWIFT_VERSION = 4.0;
				TARGETED_DEVICE_FAMILY = "1,2";
				TEST_TARGET_NAME = ARcher;
			};
			name = Release;
		};
/* End XCBuildConfiguration section */

/* Begin XCConfigurationList section */
		6CC727FA2113EC23004A8DE1 /* Build configuration list for PBXProject "ARcher" */ = {
			isa = XCConfigurationList;
			buildConfigurations = (
				6CC728252113EC25004A8DE1 /* Debug */,
				6CC728262113EC25004A8DE1 /* Release */,
			);
			defaultConfigurationIsVisible = 0;
			defaultConfigurationName = Release;
		};
		6CC728272113EC25004A8DE1 /* Build configuration list for PBXNativeTarget "ARcher" */ = {
			isa = XCConfigurationList;
			buildConfigurations = (
				6CC728282113EC25004A8DE1 /* Debug */,
				6CC728292113EC25004A8DE1 /* Release */,
			);
			defaultConfigurationIsVisible = 0;
			defaultConfigurationName = Release;
		};
		6CC7282A2113EC25004A8DE1 /* Build configuration list for PBXNativeTarget "ARcherTests" */ = {
			isa = XCConfigurationList;
			buildConfigurations = (
				6CC7282B2113EC25004A8DE1 /* Debug */,
				6CC7282C2113EC25004A8DE1 /* Release */,
			);
			defaultConfigurationIsVisible = 0;
			defaultConfigurationName = Release;
		};
		6CC7282D2113EC25004A8DE1 /* Build configuration list for PBXNativeTarget "ARcherUITests" */ = {
			isa = XCConfigurationList;
			buildConfigurations = (
				6CC7282E2113EC25004A8DE1 /* Debug */,
				6CC7282F2113EC25004A8DE1 /* Release */,
			);
			defaultConfigurationIsVisible = 0;
			defaultConfigurationName = Release;
		};
/* End XCConfigurationList section */
	};
	rootObject = 6CC727F72113EC23004A8DE1 /* Project object */;
}
